{
  "nodes": {
    "nixpkgs": {
      "locked": {
        "lastModified": 1620928277,
        "narHash": "sha256-O/1xZ3KmjPbR3X8hy0mlHUU0S27UTvLolcjoxnmIRyg=",
        "owner": "NixOS",
        "repo": "nixpkgs",
        "rev": "3eac120c3d228289f218c2db971849c39202e7f4",
        "type": "github"
      },
      "original": {
        "id": "nixpkgs",
        "ref": "nixpkgs-unstable",
        "type": "indirect"
      }
    },
    "root": {
      "inputs": {
        "nixpkgs": "nixpkgs"
      }
    }
  },
  "root": "root",
  "version": 7
}
